// !$*UTF8*$!
{
	archiveVersion = 1;
	classes = {
	};
	objectVersion = 77;
	objects = {

/* Begin PBXBuildFile section */
		B45CB4262E2006DC00BB0729 /* FirebaseAI in Frameworks */ = {isa = PBXBuildFile; productRef = B45CB4252E2006DC00BB0729 /* FirebaseAI */; };
		B45CB4282E2006DC00BB0729 /* FirebaseAnalytics in Frameworks */ = {isa = PBXBuildFile; productRef = B45CB4272E2006DC00BB0729 /* FirebaseAnalytics */; };
		B45CB42A2E2006DC00BB0729 /* FirebaseAnalyticsCore in Frameworks */ = {isa = PBXBuildFile; productRef = B45CB4292E2006DC00BB0729 /* FirebaseAnalyticsCore */; };
		B45CB42C2E2006DC00BB0729 /* FirebaseAnalyticsIdentitySupport in Frameworks */ = {isa = PBXBuildFile; productRef = B45CB42B2E2006DC00BB0729 /* FirebaseAnalyticsIdentitySupport */; };
		B45CB42E2E2006DC00BB0729 /* FirebaseAnalyticsOnDeviceConversion in Frameworks */ = {isa = PBXBuildFile; productRef = B45CB42D2E2006DC00BB0729 /* FirebaseAnalyticsOnDeviceConversion */; };
		B45CB4302E2006DC00BB0729 /* FirebaseAnalyticsWithoutAdIdSupport in Frameworks */ = {isa = PBXBuildFile; productRef = B45CB42F2E2006DC00BB0729 /* FirebaseAnalyticsWithoutAdIdSupport */; };
		B45CB4322E2006DC00BB0729 /* FirebaseAppCheck in Frameworks */ = {isa = PBXBuildFile; productRef = B45CB4312E2006DC00BB0729 /* FirebaseAppCheck */; };
		B45CB4342E2006DC00BB0729 /* FirebaseAppDistribution-Beta in Frameworks */ = {isa = PBXBuildFile; productRef = B45CB4332E2006DC00BB0729 /* FirebaseAppDistribution-Beta */; };
		B45CB4362E2006DC00BB0729 /* FirebaseAuth in Frameworks */ = {isa = PBXBuildFile; productRef = B45CB4352E2006DC00BB0729 /* FirebaseAuth */; };
		B45CB4382E2006DC00BB0729 /* FirebaseAuthCombine-Community in Frameworks */ = {isa = PBXBuildFile; productRef = B45CB4372E2006DC00BB0729 /* FirebaseAuthCombine-Community */; };
		B45CB43A2E2006DC00BB0729 /* FirebaseCore in Frameworks */ = {isa = PBXBuildFile; productRef = B45CB4392E2006DC00BB0729 /* FirebaseCore */; };
		B45CB43C2E2006DC00BB0729 /* FirebaseCrashlytics in Frameworks */ = {isa = PBXBuildFile; productRef = B45CB43B2E2006DC00BB0729 /* FirebaseCrashlytics */; };
		B45CB43E2E2006DC00BB0729 /* FirebaseDatabase in Frameworks */ = {isa = PBXBuildFile; productRef = B45CB43D2E2006DC00BB0729 /* FirebaseDatabase */; };
		B45CB4402E2006DC00BB0729 /* FirebaseDynamicLinks in Frameworks */ = {isa = PBXBuildFile; productRef = B45CB43F2E2006DC00BB0729 /* FirebaseDynamicLinks */; };
		B45CB4422E2006DC00BB0729 /* FirebaseFirestore in Frameworks */ = {isa = PBXBuildFile; productRef = B45CB4412E2006DC00BB0729 /* FirebaseFirestore */; };
		B45CB4442E2006DC00BB0729 /* FirebaseFirestoreCombine-Community in Frameworks */ = {isa = PBXBuildFile; productRef = B45CB4432E2006DC00BB0729 /* FirebaseFirestoreCombine-Community */; };
		B45CB4462E2006DC00BB0729 /* FirebaseFunctions in Frameworks */ = {isa = PBXBuildFile; productRef = B45CB4452E2006DC00BB0729 /* FirebaseFunctions */; };
		B45CB4482E2006DC00BB0729 /* FirebaseFunctionsCombine-Community in Frameworks */ = {isa = PBXBuildFile; productRef = B45CB4472E2006DC00BB0729 /* FirebaseFunctionsCombine-Community */; };
		B45CB44A2E2006DC00BB0729 /* FirebaseInAppMessaging-Beta in Frameworks */ = {isa = PBXBuildFile; productRef = B45CB4492E2006DC00BB0729 /* FirebaseInAppMessaging-Beta */; };
		B45CB44C2E2006DC00BB0729 /* FirebaseInstallations in Frameworks */ = {isa = PBXBuildFile; productRef = B45CB44B2E2006DC00BB0729 /* FirebaseInstallations */; };
		B45CB44E2E2006DC00BB0729 /* FirebaseMLModelDownloader in Frameworks */ = {isa = PBXBuildFile; productRef = B45CB44D2E2006DC00BB0729 /* FirebaseMLModelDownloader */; };
		B45CB4502E2006DC00BB0729 /* FirebaseMessaging in Frameworks */ = {isa = PBXBuildFile; productRef = B45CB44F2E2006DC00BB0729 /* FirebaseMessaging */; };
		B45CB4522E2006DC00BB0729 /* FirebasePerformance in Frameworks */ = {isa = PBXBuildFile; productRef = B45CB4512E2006DC00BB0729 /* FirebasePerformance */; };
		B45CB4542E2006DC00BB0729 /* FirebaseRemoteConfig in Frameworks */ = {isa = PBXBuildFile; productRef = B45CB4532E2006DC00BB0729 /* FirebaseRemoteConfig */; };
		B45CB4562E2006DC00BB0729 /* FirebaseStorage in Frameworks */ = {isa = PBXBuildFile; productRef = B45CB4552E2006DC00BB0729 /* FirebaseStorage */; };
		B45CB4582E2006DC00BB0729 /* FirebaseStorageCombine-Community in Frameworks */ = {isa = PBXBuildFile; productRef = B45CB4572E2006DC00BB0729 /* FirebaseStorageCombine-Community */; };
		B45CB45A2E2006DC00BB0729 /* FirebaseVertexAI in Frameworks */ = {isa = PBXBuildFile; productRef = B45CB4592E2006DC00BB0729 /* FirebaseVertexAI */; };
/* End PBXBuildFile section */

/* Begin PBXFileReference section */
		B41E6BF62E1FF25A00751F3D /* alphatodoapp.app */ = {isa = PBXFileReference; explicitFileType = wrapper.application; includeInIndex = 0; path = alphatodoapp.app; sourceTree = BUILT_PRODUCTS_DIR; };
/* End PBXFileReference section */

/* Begin PBXFileSystemSynchronizedRootGroup section */
		B41E6BF82E1FF25A00751F3D /* alphatodoapp */ = {
			isa = PBXFileSystemSynchronizedRootGroup;
			path = alphatodoapp;
			sourceTree = "<group>";
		};
/* End PBXFileSystemSynchronizedRootGroup section */

/* Begin PBXFrameworksBuildPhase section */
		B41E6BF32E1FF25A00751F3D /* Frameworks */ = {
			isa = PBXFrameworksBuildPhase;
			buildActionMask = 2147483647;
			files = (
				B45CB4462E2006DC00BB0729 /* FirebaseFunctions in Frameworks */,
				B45CB43E2E2006DC00BB0729 /* FirebaseDatabase in Frameworks */,
				B45CB42C2E2006DC00BB0729 /* FirebaseAnalyticsIdentitySupport in Frameworks */,
				B45CB4562E2006DC00BB0729 /* FirebaseStorage in Frameworks */,
				B45CB4302E2006DC00BB0729 /* FirebaseAnalyticsWithoutAdIdSupport in Frameworks */,
				B45CB43A2E2006DC00BB0729 /* FirebaseCore in Frameworks */,
				B45CB4282E2006DC00BB0729 /* FirebaseAnalytics in Frameworks */,
				B45CB44E2E2006DC00BB0729 /* FirebaseMLModelDownloader in Frameworks */,
				B45CB4402E2006DC00BB0729 /* FirebaseDynamicLinks in Frameworks */,
				B45CB42E2E2006DC00BB0729 /* FirebaseAnalyticsOnDeviceConversion in Frameworks */,
				B45CB4362E2006DC00BB0729 /* FirebaseAuth in Frameworks */,
				B45CB4422E2006DC00BB0729 /* FirebaseFirestore in Frameworks */,
				B45CB4442E2006DC00BB0729 /* FirebaseFirestoreCombine-Community in Frameworks */,
				B45CB45A2E2006DC00BB0729 /* FirebaseVertexAI in Frameworks */,
				B45CB44A2E2006DC00BB0729 /* FirebaseInAppMessaging-Beta in Frameworks */,
				B45CB4482E2006DC00BB0729 /* FirebaseFunctionsCombine-Community in Frameworks */,
				B45CB4322E2006DC00BB0729 /* FirebaseAppCheck in Frameworks */,
				B45CB4582E2006DC00BB0729 /* FirebaseStorageCombine-Community in Frameworks */,
				B45CB4542E2006DC00BB0729 /* FirebaseRemoteConfig in Frameworks */,
				B45CB42A2E2006DC00BB0729 /* FirebaseAnalyticsCore in Frameworks */,
				B45CB4262E2006DC00BB0729 /* FirebaseAI in Frameworks */,
				B45CB4522E2006DC00BB0729 /* FirebasePerformance in Frameworks */,
				B45CB43C2E2006DC00BB0729 /* FirebaseCrashlytics in Frameworks */,
				B45CB4342E2006DC00BB0729 /* FirebaseAppDistribution-Beta in Frameworks */,
				B45CB4382E2006DC00BB0729 /* FirebaseAuthCombine-Community in Frameworks */,
				B45CB4502E2006DC00BB0729 /* FirebaseMessaging in Frameworks */,
				B45CB44C2E2006DC00BB0729 /* FirebaseInstallations in Frameworks */,
			);
			runOnlyForDeploymentPostprocessing = 0;
		};
/* End PBXFrameworksBuildPhase section */

/* Begin PBXGroup section */
		B41E6BED2E1FF25A00751F3D = {
			isa = PBXGroup;
			children = (
				B41E6BF82E1FF25A00751F3D /* alphatodoapp */,
				B41E6BF72E1FF25A00751F3D /* Products */,
			);
			sourceTree = "<group>";
		};
		B41E6BF72E1FF25A00751F3D /* Products */ = {
			isa = PBXGroup;
			children = (
				B41E6BF62E1FF25A00751F3D /* alphatodoapp.app */,
			);
			name = Products;
			sourceTree = "<group>";
		};
/* End PBXGroup section */

/* Begin PBXNativeTarget section */
		B41E6BF52E1FF25A00751F3D /* alphatodoapp */ = {
			isa = PBXNativeTarget;
			buildConfigurationList = B41E6C042E1FF25C00751F3D /* Build configuration list for PBXNativeTarget "alphatodoapp" */;
			buildPhases = (
				B41E6BF22E1FF25A00751F3D /* Sources */,
				B41E6BF32E1FF25A00751F3D /* Frameworks */,
				B41E6BF42E1FF25A00751F3D /* Resources */,
			);
			buildRules = (
			);
			dependencies = (
			);
			fileSystemSynchronizedGroups = (
				B41E6BF82E1FF25A00751F3D /* alphatodoapp */,
			);
			name = alphatodoapp;
			packageProductDependencies = (
				B45CB4252E2006DC00BB0729 /* FirebaseAI */,
				B45CB4272E2006DC00BB0729 /* FirebaseAnalytics */,
				B45CB4292E2006DC00BB0729 /* FirebaseAnalyticsCore */,
				B45CB42B2E2006DC00BB0729 /* FirebaseAnalyticsIdentitySupport */,
				B45CB42D2E2006DC00BB0729 /* FirebaseAnalyticsOnDeviceConversion */,
				B45CB42F2E2006DC00BB0729 /* FirebaseAnalyticsWithoutAdIdSupport */,
				B45CB4312E2006DC00BB0729 /* FirebaseAppCheck */,
				B45CB4332E2006DC00BB0729 /* FirebaseAppDistribution-Beta */,
				B45CB4352E2006DC00BB0729 /* FirebaseAuth */,
				B45CB4372E2006DC00BB0729 /* FirebaseAuthCombine-Community */,
				B45CB4392E2006DC00BB0729 /* FirebaseCore */,
				B45CB43B2E2006DC00BB0729 /* FirebaseCrashlytics */,
				B45CB43D2E2006DC00BB0729 /* FirebaseDatabase */,
				B45CB43F2E2006DC00BB0729 /* FirebaseDynamicLinks */,
				B45CB4412E2006DC00BB0729 /* FirebaseFirestore */,
				B45CB4432E2006DC00BB0729 /* FirebaseFirestoreCombine-Community */,
				B45CB4452E2006DC00BB0729 /* FirebaseFunctions */,
				B45CB4472E2006DC00BB0729 /* FirebaseFunctionsCombine-Community */,
				B45CB4492E2006DC00BB0729 /* FirebaseInAppMessaging-Beta */,
				B45CB44B2E2006DC00BB0729 /* FirebaseInstallations */,
				B45CB44D2E2006DC00BB0729 /* FirebaseMLModelDownloader */,
				B45CB44F2E2006DC00BB0729 /* FirebaseMessaging */,
				B45CB4512E2006DC00BB0729 /* FirebasePerformance */,
				B45CB4532E2006DC00BB0729 /* FirebaseRemoteConfig */,
				B45CB4552E2006DC00BB0729 /* FirebaseStorage */,
				B45CB4572E2006DC00BB0729 /* FirebaseStorageCombine-Community */,
				B45CB4592E2006DC00BB0729 /* FirebaseVertexAI */,
			);
			productName = alphatodoapp;
			productReference = B41E6BF62E1FF25A00751F3D /* alphatodoapp.app */;
			productType = "com.apple.product-type.application";
		};
/* End PBXNativeTarget section */

/* Begin PBXProject section */
		B41E6BEE2E1FF25A00751F3D /* Project object */ = {
			isa = PBXProject;
			attributes = {
				BuildIndependentTargetsInParallel = 1;
				LastSwiftUpdateCheck = 1610;
				LastUpgradeCheck = 1610;
				TargetAttributes = {
					B41E6BF52E1FF25A00751F3D = {
						CreatedOnToolsVersion = 16.1;
					};
				};
			};
			buildConfigurationList = B41E6BF12E1FF25A00751F3D /* Build configuration list for PBXProject "alphatodoapp" */;
			developmentRegion = en;
			hasScannedForEncodings = 0;
			knownRegions = (
				en,
				Base,
			);
			mainGroup = B41E6BED2E1FF25A00751F3D;
			minimizedProjectReferenceProxies = 1;
			packageReferences = (
				B41E6C072E1FF47400751F3D /* XCRemoteSwiftPackageReference "firebase-ios-sdk" */,
			);
			preferredProjectObjectVersion = 77;
			productRefGroup = B41E6BF72E1FF25A00751F3D /* Products */;
			projectDirPath = "";
			projectRoot = "";
			targets = (
				B41E6BF52E1FF25A00751F3D /* alphatodoapp */,
			);
		};
/* End PBXProject section */

/* Begin PBXResourcesBuildPhase section */
		B41E6BF42E1FF25A00751F3D /* Resources */ = {
			isa = PBXResourcesBuildPhase;
			buildActionMask = 2147483647;
			files = (
			);
			runOnlyForDeploymentPostprocessing = 0;
		};
/* End PBXResourcesBuildPhase section */

/* Begin PBXSourcesBuildPhase section */
		B41E6BF22E1FF25A00751F3D /* Sources */ = {
			isa = PBXSourcesBuildPhase;
			buildActionMask = 2147483647;
			files = (
			);
			runOnlyForDeploymentPostprocessing = 0;
		};
/* End PBXSourcesBuildPhase section */

/* Begin XCBuildConfiguration section */
		B41E6C022E1FF25C00751F3D /* Debug */ = {
			isa = XCBuildConfiguration;
			buildSettings = {
				ALWAYS_SEARCH_USER_PATHS = NO;
				ASSETCATALOG_COMPILER_GENERATE_SWIFT_ASSET_SYMBOL_EXTENSIONS = YES;
				CLANG_ANALYZER_NONNULL = YES;
				CLANG_ANALYZER_NUMBER_OBJECT_CONVERSION = YES_AGGRESSIVE;
				CLANG_CXX_LANGUAGE_STANDARD = "gnu++20";
				CLANG_ENABLE_MODULES = YES;
				CLANG_ENABLE_OBJC_ARC = YES;
				CLANG_ENABLE_OBJC_WEAK = YES;
				CLANG_WARN_BLOCK_CAPTURE_AUTORELEASING = YES;
				CLANG_WARN_BOOL_CONVERSION = YES;
				CLANG_WARN_COMMA = YES;
				CLANG_WARN_CONSTANT_CONVERSION = YES;
				CLANG_WARN_DEPRECATED_OBJC_IMPLEMENTATIONS = YES;
				CLANG_WARN_DIRECT_OBJC_ISA_USAGE = YES_ERROR;
				CLANG_WARN_DOCUMENTATION_COMMENTS = YES;
				CLANG_WARN_EMPTY_BODY = YES;
				CLANG_WARN_ENUM_CONVERSION = YES;
				CLANG_WARN_INFINITE_RECURSION = YES;
				CLANG_WARN_INT_CONVERSION = YES;
				CLANG_WARN_NON_LITERAL_NULL_CONVERSION = YES;
				CLANG_WARN_OBJC_IMPLICIT_RETAIN_SELF = YES;
				CLANG_WARN_OBJC_LITERAL_CONVERSION = YES;
				CLANG_WARN_OBJC_ROOT_CLASS = YES_ERROR;
				CLANG_WARN_QUOTED_INCLUDE_IN_FRAMEWORK_HEADER = YES;
				CLANG_WARN_RANGE_LOOP_ANALYSIS = YES;
				CLANG_WARN_STRICT_PROTOTYPES = YES;
				CLANG_WARN_SUSPICIOUS_MOVE = YES;
				CLANG_WARN_UNGUARDED_AVAILABILITY = YES_AGGRESSIVE;
				CLANG_WARN_UNREACHABLE_CODE = YES;
				CLANG_WARN__DUPLICATE_METHOD_MATCH = YES;
				COPY_PHASE_STRIP = NO;
				DEBUG_INFORMATION_FORMAT = dwarf;
				ENABLE_STRICT_OBJC_MSGSEND = YES;
				ENABLE_TESTABILITY = YES;
				ENABLE_USER_SCRIPT_SANDBOXING = YES;
				GCC_C_LANGUAGE_STANDARD = gnu17;
				GCC_DYNAMIC_NO_PIC = NO;
				GCC_NO_COMMON_BLOCKS = YES;
				GCC_OPTIMIZATION_LEVEL = 0;
				GCC_PREPROCESSOR_DEFINITIONS = (
					"DEBUG=1",
					"$(inherited)",
				);
				GCC_WARN_64_TO_32_BIT_CONVERSION = YES;
				GCC_WARN_ABOUT_RETURN_TYPE = YES_ERROR;
				GCC_WARN_UNDECLARED_SELECTOR = YES;
				GCC_WARN_UNINITIALIZED_AUTOS = YES_AGGRESSIVE;
				GCC_WARN_UNUSED_FUNCTION = YES;
				GCC_WARN_UNUSED_VARIABLE = YES;
				IPHONEOS_DEPLOYMENT_TARGET = 18.1;
				LOCALIZATION_PREFERS_STRING_CATALOGS = YES;
				MTL_ENABLE_DEBUG_INFO = INCLUDE_SOURCE;
				MTL_FAST_MATH = YES;
				ONLY_ACTIVE_ARCH = YES;
				SDKROOT = iphoneos;
				SWIFT_ACTIVE_COMPILATION_CONDITIONS = "DEBUG $(inherited)";
				SWIFT_OPTIMIZATION_LEVEL = "-Onone";
			};
			name = Debug;
		};
		B41E6C032E1FF25C00751F3D /* Release */ = {
			isa = XCBuildConfiguration;
			buildSettings = {
				ALWAYS_SEARCH_USER_PATHS = NO;
				ASSETCATALOG_COMPILER_GENERATE_SWIFT_ASSET_SYMBOL_EXTENSIONS = YES;
				CLANG_ANALYZER_NONNULL = YES;
				CLANG_ANALYZER_NUMBER_OBJECT_CONVERSION = YES_AGGRESSIVE;
				CLANG_CXX_LANGUAGE_STANDARD = "gnu++20";
				CLANG_ENABLE_MODULES = YES;
				CLANG_ENABLE_OBJC_ARC = YES;
				CLANG_ENABLE_OBJC_WEAK = YES;
				CLANG_WARN_BLOCK_CAPTURE_AUTORELEASING = YES;
				CLANG_WARN_BOOL_CONVERSION = YES;
				CLANG_WARN_COMMA = YES;
				CLANG_WARN_CONSTANT_CONVERSION = YES;
				CLANG_WARN_DEPRECATED_OBJC_IMPLEMENTATIONS = YES;
				CLANG_WARN_DIRECT_OBJC_ISA_USAGE = YES_ERROR;
				CLANG_WARN_DOCUMENTATION_COMMENTS = YES;
				CLANG_WARN_EMPTY_BODY = YES;
				CLANG_WARN_ENUM_CONVERSION = YES;
				CLANG_WARN_INFINITE_RECURSION = YES;
				CLANG_WARN_INT_CONVERSION = YES;
				CLANG_WARN_NON_LITERAL_NULL_CONVERSION = YES;
				CLANG_WARN_OBJC_IMPLICIT_RETAIN_SELF = YES;
				CLANG_WARN_OBJC_LITERAL_CONVERSION = YES;
				CLANG_WARN_OBJC_ROOT_CLASS = YES_ERROR;
				CLANG_WARN_QUOTED_INCLUDE_IN_FRAMEWORK_HEADER = YES;
				CLANG_WARN_RANGE_LOOP_ANALYSIS = YES;
				CLANG_WARN_STRICT_PROTOTYPES = YES;
				CLANG_WARN_SUSPICIOUS_MOVE = YES;
				CLANG_WARN_UNGUARDED_AVAILABILITY = YES_AGGRESSIVE;
				CLANG_WARN_UNREACHABLE_CODE = YES;
				CLANG_WARN__DUPLICATE_METHOD_MATCH = YES;
				COPY_PHASE_STRIP = NO;
				DEBUG_INFORMATION_FORMAT = "dwarf-with-dsym";
				ENABLE_NS_ASSERTIONS = NO;
				ENABLE_STRICT_OBJC_MSGSEND = YES;
				ENABLE_USER_SCRIPT_SANDBOXING = YES;
				GCC_C_LANGUAGE_STANDARD = gnu17;
				GCC_NO_COMMON_BLOCKS = YES;
				GCC_WARN_64_TO_32_BIT_CONVERSION = YES;
				GCC_WARN_ABOUT_RETURN_TYPE = YES_ERROR;
				GCC_WARN_UNDECLARED_SELECTOR = YES;
				GCC_WARN_UNINITIALIZED_AUTOS = YES_AGGRESSIVE;
				GCC_WARN_UNUSED_FUNCTION = YES;
				GCC_WARN_UNUSED_VARIABLE = YES;
				IPHONEOS_DEPLOYMENT_TARGET = 18.1;
				LOCALIZATION_PREFERS_STRING_CATALOGS = YES;
				MTL_ENABLE_DEBUG_INFO = NO;
				MTL_FAST_MATH = YES;
				SDKROOT = iphoneos;
				SWIFT_COMPILATION_MODE = wholemodule;
				VALIDATE_PRODUCT = YES;
			};
			name = Release;
		};
		B41E6C052E1FF25C00751F3D /* Debug */ = {
			isa = XCBuildConfiguration;
			buildSettings = {
				ASSETCATALOG_COMPILER_APPICON_NAME = AppIcon;
				ASSETCATALOG_COMPILER_GLOBAL_ACCENT_COLOR_NAME = AccentColor;
				CODE_SIGN_STYLE = Automatic;
				CURRENT_PROJECT_VERSION = 1;
				DEVELOPMENT_ASSET_PATHS = "\"alphatodoapp/Preview Content\"";
				DEVELOPMENT_TEAM = 6FC797DMRL;
				ENABLE_PREVIEWS = YES;
				GENERATE_INFOPLIST_FILE = YES;
				INFOPLIST_KEY_CFBundleDisplayName = "Alpha ToDo App";
				INFOPLIST_KEY_UIApplicationSceneManifest_Generation = YES;
				INFOPLIST_KEY_UIApplicationSupportsIndirectInputEvents = YES;
				INFOPLIST_KEY_UILaunchScreen_Generation = YES;
				INFOPLIST_KEY_UIStatusBarStyle = "";
				INFOPLIST_KEY_UISupportedInterfaceOrientations = UIInterfaceOrientationPortrait;
				LD_RUNPATH_SEARCH_PATHS = (
					"$(inherited)",
					"@executable_path/Frameworks",
				);
				MARKETING_VERSION = 1.0;
				PRODUCT_BUNDLE_IDENTIFIER = com.mustafaertunc.alphatodoapp;
				PRODUCT_NAME = "$(TARGET_NAME)";
				SWIFT_EMIT_LOC_STRINGS = YES;
				SWIFT_VERSION = 5.0;
				TARGETED_DEVICE_FAMILY = "1,2";
			};
			name = Debug;
		};
		B41E6C062E1FF25C00751F3D /* Release */ = {
			isa = XCBuildConfiguration;
			buildSettings = {
				ASSETCATALOG_COMPILER_APPICON_NAME = AppIcon;
				ASSETCATALOG_COMPILER_GLOBAL_ACCENT_COLOR_NAME = AccentColor;
				CODE_SIGN_STYLE = Automatic;
				CURRENT_PROJECT_VERSION = 1;
				DEVELOPMENT_ASSET_PATHS = "\"alphatodoapp/Preview Content\"";
				DEVELOPMENT_TEAM = 6FC797DMRL;
				ENABLE_PREVIEWS = YES;
				GENERATE_INFOPLIST_FILE = YES;
				INFOPLIST_KEY_CFBundleDisplayName = "Alpha ToDo App";
				INFOPLIST_KEY_UIApplicationSceneManifest_Generation = YES;
				INFOPLIST_KEY_UIApplicationSupportsIndirectInputEvents = YES;
				INFOPLIST_KEY_UILaunchScreen_Generation = YES;
				INFOPLIST_KEY_UIStatusBarStyle = "";
				INFOPLIST_KEY_UISupportedInterfaceOrientations = UIInterfaceOrientationPortrait;
				LD_RUNPATH_SEARCH_PATHS = (
					"$(inherited)",
					"@executable_path/Frameworks",
				);
				MARKETING_VERSION = 1.0;
				PRODUCT_BUNDLE_IDENTIFIER = com.mustafaertunc.alphatodoapp;
				PRODUCT_NAME = "$(TARGET_NAME)";
				SWIFT_EMIT_LOC_STRINGS = YES;
				SWIFT_VERSION = 5.0;
				TARGETED_DEVICE_FAMILY = "1,2";
			};
			name = Release;
		};
/* End XCBuildConfiguration section */

/* Begin XCConfigurationList section */
		B41E6BF12E1FF25A00751F3D /* Build configuration list for PBXProject "alphatodoapp" */ = {
			isa = XCConfigurationList;
			buildConfigurations = (
				B41E6C022E1FF25C00751F3D /* Debug */,
				B41E6C032E1FF25C00751F3D /* Release */,
			);
			defaultConfigurationIsVisible = 0;
			defaultConfigurationName = Release;
		};
		B41E6C042E1FF25C00751F3D /* Build configuration list for PBXNativeTarget "alphatodoapp" */ = {
			isa = XCConfigurationList;
			buildConfigurations = (
				B41E6C052E1FF25C00751F3D /* Debug */,
				B41E6C062E1FF25C00751F3D /* Release */,
			);
			defaultConfigurationIsVisible = 0;
			defaultConfigurationName = Release;
		};
/* End XCConfigurationList section */

/* Begin XCRemoteSwiftPackageReference section */
		B41E6C072E1FF47400751F3D /* XCRemoteSwiftPackageReference "firebase-ios-sdk" */ = {
			isa = XCRemoteSwiftPackageReference;
			repositoryURL = "https://github.com/firebase/firebase-ios-sdk";
			requirement = {
				kind = upToNextMajorVersion;
				minimumVersion = 11.15.0;
			};
		};
/* End XCRemoteSwiftPackageReference section */

/* Begin XCSwiftPackageProductDependency section */
		B45CB4252E2006DC00BB0729 /* FirebaseAI */ = {
			isa = XCSwiftPackageProductDependency;
			package = B41E6C072E1FF47400751F3D /* XCRemoteSwiftPackageReference "firebase-ios-sdk" */;
			productName = FirebaseAI;
		};
		B45CB4272E2006DC00BB0729 /* FirebaseAnalytics */ = {
			isa = XCSwiftPackageProductDependency;
			package = B41E6C072E1FF47400751F3D /* XCRemoteSwiftPackageReference "firebase-ios-sdk" */;
			productName = FirebaseAnalytics;
		};
		B45CB4292E2006DC00BB0729 /* FirebaseAnalyticsCore */ = {
			isa = XCSwiftPackageProductDependency;
			package = B41E6C072E1FF47400751F3D /* XCRemoteSwiftPackageReference "firebase-ios-sdk" */;
			productName = FirebaseAnalyticsCore;
		};
		B45CB42B2E2006DC00BB0729 /* FirebaseAnalyticsIdentitySupport */ = {
			isa = XCSwiftPackageProductDependency;
			package = B41E6C072E1FF47400751F3D /* XCRemoteSwiftPackageReference "firebase-ios-sdk" */;
			productName = FirebaseAnalyticsIdentitySupport;
		};
		B45CB42D2E2006DC00BB0729 /* FirebaseAnalyticsOnDeviceConversion */ = {
			isa = XCSwiftPackageProductDependency;
			package = B41E6C072E1FF47400751F3D /* XCRemoteSwiftPackageReference "firebase-ios-sdk" */;
			productName = FirebaseAnalyticsOnDeviceConversion;
		};
		B45CB42F2E2006DC00BB0729 /* FirebaseAnalyticsWithoutAdIdSupport */ = {
			isa = XCSwiftPackageProductDependency;
			package = B41E6C072E1FF47400751F3D /* XCRemoteSwiftPackageReference "firebase-ios-sdk" */;
			productName = FirebaseAnalyticsWithoutAdIdSupport;
		};
		B45CB4312E2006DC00BB0729 /* FirebaseAppCheck */ = {
			isa = XCSwiftPackageProductDependency;
			package = B41E6C072E1FF47400751F3D /* XCRemoteSwiftPackageReference "firebase-ios-sdk" */;
			productName = FirebaseAppCheck;
		};
		B45CB4332E2006DC00BB0729 /* FirebaseAppDistribution-Beta */ = {
			isa = XCSwiftPackageProductDependency;
			package = B41E6C072E1FF47400751F3D /* XCRemoteSwiftPackageReference "firebase-ios-sdk" */;
			productName = "FirebaseAppDistribution-Beta";
		};
		B45CB4352E2006DC00BB0729 /* FirebaseAuth */ = {
			isa = XCSwiftPackageProductDependency;
			package = B41E6C072E1FF47400751F3D /* XCRemoteSwiftPackageReference "firebase-ios-sdk" */;
			productName = FirebaseAuth;
		};
		B45CB4372E2006DC00BB0729 /* FirebaseAuthCombine-Community */ = {
			isa = XCSwiftPackageProductDependency;
			package = B41E6C072E1FF47400751F3D /* XCRemoteSwiftPackageReference "firebase-ios-sdk" */;
			productName = "FirebaseAuthCombine-Community";
		};
		B45CB4392E2006DC00BB0729 /* FirebaseCore */ = {
			isa = XCSwiftPackageProductDependency;
			package = B41E6C072E1FF47400751F3D /* XCRemoteSwiftPackageReference "firebase-ios-sdk" */;
			productName = FirebaseCore;
		};
		B45CB43B2E2006DC00BB0729 /* FirebaseCrashlytics */ = {
			isa = XCSwiftPackageProductDependency;
			package = B41E6C072E1FF47400751F3D /* XCRemoteSwiftPackageReference "firebase-ios-sdk" */;
			productName = FirebaseCrashlytics;
		};
		B45CB43D2E2006DC00BB0729 /* FirebaseDatabase */ = {
			isa = XCSwiftPackageProductDependency;
			package = B41E6C072E1FF47400751F3D /* XCRemoteSwiftPackageReference "firebase-ios-sdk" */;
			productName = FirebaseDatabase;
		};
		B45CB43F2E2006DC00BB0729 /* FirebaseDynamicLinks */ = {
			isa = XCSwiftPackageProductDependency;
			package = B41E6C072E1FF47400751F3D /* XCRemoteSwiftPackageReference "firebase-ios-sdk" */;
			productName = FirebaseDynamicLinks;
		};
		B45CB4412E2006DC00BB0729 /* FirebaseFirestore */ = {
			isa = XCSwiftPackageProductDependency;
			package = B41E6C072E1FF47400751F3D /* XCRemoteSwiftPackageReference "firebase-ios-sdk" */;
			productName = FirebaseFirestore;
		};
		B45CB4432E2006DC00BB0729 /* FirebaseFirestoreCombine-Community */ = {
			isa = XCSwiftPackageProductDependency;
			package = B41E6C072E1FF47400751F3D /* XCRemoteSwiftPackageReference "firebase-ios-sdk" */;
			productName = "FirebaseFirestoreCombine-Community";
		};
		B45CB4452E2006DC00BB0729 /* FirebaseFunctions */ = {
			isa = XCSwiftPackageProductDependency;
			package = B41E6C072E1FF47400751F3D /* XCRemoteSwiftPackageReference "firebase-ios-sdk" */;
			productName = FirebaseFunctions;
		};
		B45CB4472E2006DC00BB0729 /* FirebaseFunctionsCombine-Community */ = {
			isa = XCSwiftPackageProductDependency;
			package = B41E6C072E1FF47400751F3D /* XCRemoteSwiftPackageReference "firebase-ios-sdk" */;
			productName = "FirebaseFunctionsCombine-Community";
		};
		B45CB4492E2006DC00BB0729 /* FirebaseInAppMessaging-Beta */ = {
			isa = XCSwiftPackageProductDependency;
			package = B41E6C072E1FF47400751F3D /* XCRemoteSwiftPackageReference "firebase-ios-sdk" */;
			productName = "FirebaseInAppMessaging-Beta";
		};
		B45CB44B2E2006DC00BB0729 /* FirebaseInstallations */ = {
			isa = XCSwiftPackageProductDependency;
			package = B41E6C072E1FF47400751F3D /* XCRemoteSwiftPackageReference "firebase-ios-sdk" */;
			productName = FirebaseInstallations;
		};
		B45CB44D2E2006DC00BB0729 /* FirebaseMLModelDownloader */ = {
			isa = XCSwiftPackageProductDependency;
			package = B41E6C072E1FF47400751F3D /* XCRemoteSwiftPackageReference "firebase-ios-sdk" */;
			productName = FirebaseMLModelDownloader;
		};
		B45CB44F2E2006DC00BB0729 /* FirebaseMessaging */ = {
			isa = XCSwiftPackageProductDependency;
			package = B41E6C072E1FF47400751F3D /* XCRemoteSwiftPackageReference "firebase-ios-sdk" */;
			productName = FirebaseMessaging;
		};
		B45CB4512E2006DC00BB0729 /* FirebasePerformance */ = {
			isa = XCSwiftPackageProductDependency;
			package = B41E6C072E1FF47400751F3D /* XCRemoteSwiftPackageReference "firebase-ios-sdk" */;
			productName = FirebasePerformance;
		};
		B45CB4532E2006DC00BB0729 /* FirebaseRemoteConfig */ = {
			isa = XCSwiftPackageProductDependency;
			package = B41E6C072E1FF47400751F3D /* XCRemoteSwiftPackageReference "firebase-ios-sdk" */;
			productName = FirebaseRemoteConfig;
		};
		B45CB4552E2006DC00BB0729 /* FirebaseStorage */ = {
			isa = XCSwiftPackageProductDependency;
			package = B41E6C072E1FF47400751F3D /* XCRemoteSwiftPackageReference "firebase-ios-sdk" */;
			productName = FirebaseStorage;
		};
		B45CB4572E2006DC00BB0729 /* FirebaseStorageCombine-Community */ = {
			isa = XCSwiftPackageProductDependency;
			package = B41E6C072E1FF47400751F3D /* XCRemoteSwiftPackageReference "firebase-ios-sdk" */;
			productName = "FirebaseStorageCombine-Community";
		};
		B45CB4592E2006DC00BB0729 /* FirebaseVertexAI */ = {
			isa = XCSwiftPackageProductDependency;
			package = B41E6C072E1FF47400751F3D /* XCRemoteSwiftPackageReference "firebase-ios-sdk" */;
			productName = FirebaseVertexAI;
		};
/* End XCSwiftPackageProductDependency section */
	};
	rootObject = B41E6BEE2E1FF25A00751F3D /* Project object */;
}
